{
  "nodes": {
    "nixpkgs": {
      "locked": {
        "lastModified": 1750127977,
        "narHash": "sha256-zD1OwL7YRiurl1NW16Ke88S7JStBfawbiY/DVpS28P4=",
        "owner": "NixOS",
        "repo": "nixpkgs",
        "rev": "28ace32529a63842e4f8103e4f9b24960cf6c23a",
        "type": "github"
      },
      "original": {
        "owner": "NixOS",
        "repo": "nixpkgs",
        "rev": "28ace32529a63842e4f8103e4f9b24960cf6c23a",
        "type": "github"
      }
    },
    "pyproject-build-systems": {
      "inputs": {
        "nixpkgs": [
          "nixpkgs"
        ],
        "pyproject-nix": [
          "pyproject-nix"
        ],
        "uv2nix": [
          "uv2nix"
        ]
      },
      "locked": {
        "lastModified": 1782093830,
        "narHash": "sha256-6gmEVe69+KlRkZD4PEEV5xAlB9CB0Y9TiuEgQjDrKTQ=",
        "owner": "pyproject-nix",
        "repo": "build-system-pkgs",
        "rev": "430680a19bc85a3bda55f12e4cc1a1aadcf2e478",
        "type": "github"
      },
      "original": {
        "owner": "pyproject-nix",
        "repo": "build-system-pkgs",
        "type": "github"
      }
    },
    "pyproject-nix": {
      "inputs": {
        "nixpkgs": [
          "nixpkgs"
        ]
      },
      "locked": {
        "lastModified": 1782089418,
        "narHash": "sha256-LRD1SuQWr49fGq3A+8GLXfsLE2xqIpQA440YDZwms3M=",
        "owner": "pyproject-nix",
        "repo": "pyproject.nix",
        "rev": "43f0b40edd0a74c63f66b7b48d969ae6b740d611",
        "type": "github"
      },
      "original": {
        "owner": "pyproject-nix",
        "repo": "pyproject.nix",
        "type": "github"
      }
    },
    "root": {
      "inputs": {
        "nixpkgs": "nixpkgs",
        "pyproject-build-systems": "pyproject-build-systems",
        "pyproject-nix": "pyproject-nix",
        "uv2nix": "uv2nix"
      }
    },
    "uv2nix": {
      "inputs": {
        "nixpkgs": [
          "nixpkgs"
        ],
        "pyproject-nix": [
          "pyproject-nix"
        ]
      },
      "locked": {
        "lastModified": 1782100052,
        "narHash": "sha256-UfyLY3Hfwb3JqxCcj0953GxTFI5dEL85EKEe6DAFiVs=",
        "owner": "pyproject-nix",
        "repo": "uv2nix",
        "rev": "920fc6dfaf9f10ec56de93b184055e1a9f380d5e",
        "type": "github"
      },
      "original": {
        "owner": "pyproject-nix",
        "repo": "uv2nix",
        "type": "github"
      }
    }
  },
  "root": "root",
  "version": 7
}
