{
  "nodes": {
    "fenix": {
      "inputs": {
        "nixpkgs": [
          "nixpkgs"
        ],
        "rust-analyzer-src": "rust-analyzer-src"
      },
      "locked": {
        "lastModified": 1745735608,
        "narHash": "sha256-L0jzm815XBFfF2wCFmR+M1CF+beIEFj6SxlqVKF59Ec=",
        "owner": "nix-community",
        "repo": "fenix",
        "rev": "c39a78eba6ed2a022cc3218db90d485077101496",
        "type": "github"
      },
      "original": {
        "owner": "nix-community",
        "repo": "fenix",
        "type": "github"
      }
    },
    "nixpkgs": {
      "locked": {
        "lastModified": 1745775630,
        "narHash": "sha256-FPy6adNAQAEpB7+FNwR0nfHoqoIe0Kh0g1rISRncuTc=",
        "owner": "NixOS",
        "repo": "nixpkgs",
        "rev": "eb2376c33331803cdd6098632b1dd7e7b9bc3afd",
        "type": "github"
      },
      "original": {
        "owner": "NixOS",
        "ref": "master",
        "repo": "nixpkgs",
        "type": "github"
      }
    },
    "root": {
      "inputs": {
        "fenix": "fenix",
        "nixpkgs": "nixpkgs"
      }
    },
    "rust-analyzer-src": {
      "flake": false,
      "locked": {
        "lastModified": 1745694049,
        "narHash": "sha256-fxvRYH/tS7hGQeg9zCVh5RBcSWT+JGJet7RA8Ss+rC0=",
        "owner": "rust-lang",
        "repo": "rust-analyzer",
        "rev": "d8887c0758bbd2d5f752d5bd405d4491e90e7ed6",
        "type": "github"
      },
      "original": {
        "owner": "rust-lang",
        "ref": "nightly",
        "repo": "rust-analyzer",
        "type": "github"
      }
    }
  },
  "root": "root",
  "version": 7
}
